
Microsoft Visual Studio Solution File, Format Version 12.00
# Visual Studio Version 16
VisualStudioVersion = 16.0.31613.86
MinimumVisualStudioVersion = 10.0.40219.1
Project("{FAE04EC0-301F-11D3-BF4B-00C04F79EFBC}") = "Temporary", "Temporary\Temporary.csproj", "{8AD6D2A6-1B19-4AA7-8C33-93A8DE290CAC}"
EndProject
Project("{9A19103F-16F7-4668-BE54-9A1E7A4F7556}") = "Exercise01", "Exercise01\Exercise01.csproj", "{57BF5AC1-C07D-49F5-937D-E4953D3479DA}"
EndProject
Project("{9A19103F-16F7-4668-BE54-9A1E7A4F7556}") = "Arraytest", "Arraytest\Arraytest.csproj", "{5C69C655-309B-4EF8-8777-2C65763DF23D}"
EndProject
Project("{9A19103F-16F7-4668-BE54-9A1E7A4F7556}") = "Generictest", "Generictest\Generictest.csproj", "{DF9863CC-9F17-4BCF-9AC1-137CC36148DC}"
EndProject
Project("{9A19103F-16F7-4668-BE54-9A1E7A4F7556}") = "BitOperatorTest", "BitOperatorTest\BitOperatorTest.csproj", "{D1C2C4D8-2118-4DCC-AEB5-305454120886}"
EndProject
Project("{9A19103F-16F7-4668-BE54-9A1E7A4F7556}") = "LiveClinic02Example", "LiveClinic02Example\LiveClinic02Example.csproj", "{B9506C5E-DE98-46D7-A8E9-2B97A716FB45}"
EndProject
Project("{9A19103F-16F7-4668-BE54-9A1E7A4F7556}") = "Exercise02", "Exercise02\Exercise02.csproj", "{793D6345-A1CA-48BC-8C64-25E1F010E24F}"
EndProject
Project("{FAE04EC0-301F-11D3-BF4B-00C04F79EFBC}") = "LiveClinic05Example", "LiveClinic05Example\LiveClinic05Example.csproj", "{D4791895-F745-468A-A06B-771527983D05}"
EndProject
Global
	GlobalSection(SolutionConfigurationPlatforms) = preSolution
		Debug|Any CPU = Debug|Any CPU
		Release|Any CPU = Release|Any CPU
	EndGlobalSection
	GlobalSection(ProjectConfigurationPlatforms) = postSolution
		{8AD6D2A6-1B19-4AA7-8C33-93A8DE290CAC}.Debug|Any CPU.ActiveCfg = Debug|Any CPU
		{8AD6D2A6-1B19-4AA7-8C33-93A8DE290CAC}.Debug|Any CPU.Build.0 = Debug|Any CPU
		{8AD6D2A6-1B19-4AA7-8C33-93A8DE290CAC}.Release|Any CPU.ActiveCfg = Release|Any CPU
		{8AD6D2A6-1B19-4AA7-8C33-93A8DE290CAC}.Release|Any CPU.Build.0 = Release|Any CPU
		{57BF5AC1-C07D-49F5-937D-E4953D3479DA}.Debug|Any CPU.ActiveCfg = Debug|Any CPU
		{57BF5AC1-C07D-49F5-937D-E4953D3479DA}.Debug|Any CPU.Build.0 = Debug|Any CPU
		{57BF5AC1-C07D-49F5-937D-E4953D3479DA}.Release|Any CPU.ActiveCfg = Release|Any CPU
		{57BF5AC1-C07D-49F5-937D-E4953D3479DA}.Release|Any CPU.Build.0 = Release|Any CPU
		{5C69C655-309B-4EF8-8777-2C65763DF23D}.Debug|Any CPU.ActiveCfg = Debug|Any CPU
		{5C69C655-309B-4EF8-8777-2C65763DF23D}.Debug|Any CPU.Build.0 = Debug|Any CPU
		{5C69C655-309B-4EF8-8777-2C65763DF23D}.Release|Any CPU.ActiveCfg = Release|Any CPU
		{5C69C655-309B-4EF8-8777-2C65763DF23D}.Release|Any CPU.Build.0 = Release|Any CPU
		{DF9863CC-9F17-4BCF-9AC1-137CC36148DC}.Debug|Any CPU.ActiveCfg = Debug|Any CPU
		{DF9863CC-9F17-4BCF-9AC1-137CC36148DC}.Debug|Any CPU.Build.0 = Debug|Any CPU
		{DF9863CC-9F17-4BCF-9AC1-137CC36148DC}.Release|Any CPU.ActiveCfg = Release|Any CPU
		{DF9863CC-9F17-4BCF-9AC1-137CC36148DC}.Release|Any CPU.Build.0 = Release|Any CPU
		{D1C2C4D8-2118-4DCC-AEB5-305454120886}.Debug|Any CPU.ActiveCfg = Debug|Any CPU
		{D1C2C4D8-2118-4DCC-AEB5-305454120886}.Debug|Any CPU.Build.0 = Debug|Any CPU
		{D1C2C4D8-2118-4DCC-AEB5-305454120886}.Release|Any CPU.ActiveCfg = Release|Any CPU
		{D1C2C4D8-2118-4DCC-AEB5-305454120886}.Release|Any CPU.Build.0 = Release|Any CPU
		{B9506C5E-DE98-46D7-A8E9-2B97A716FB45}.Debug|Any CPU.ActiveCfg = Debug|Any CPU
		{B9506C5E-DE98-46D7-A8E9-2B97A716FB45}.Debug|Any CPU.Build.0 = Debug|Any CPU
		{B9506C5E-DE98-46D7-A8E9-2B97A716FB45}.Release|Any CPU.ActiveCfg = Release|Any CPU
		{B9506C5E-DE98-46D7-A8E9-2B97A716FB45}.Release|Any CPU.Build.0 = Release|Any CPU
		{793D6345-A1CA-48BC-8C64-25E1F010E24F}.Debug|Any CPU.ActiveCfg = Debug|Any CPU
		{793D6345-A1CA-48BC-8C64-25E1F010E24F}.Debug|Any CPU.Build.0 = Debug|Any CPU
		{793D6345-A1CA-48BC-8C64-25E1F010E24F}.Release|Any CPU.ActiveCfg = Release|Any CPU
		{793D6345-A1CA-48BC-8C64-25E1F010E24F}.Release|Any CPU.Build.0 = Release|Any CPU
		{D4791895-F745-468A-A06B-771527983D05}.Debug|Any CPU.ActiveCfg = Debug|Any CPU
		{D4791895-F745-468A-A06B-771527983D05}.Debug|Any CPU.Build.0 = Debug|Any CPU
		{D4791895-F745-468A-A06B-771527983D05}.Release|Any CPU.ActiveCfg = Release|Any CPU
		{D4791895-F745-468A-A06B-771527983D05}.Release|Any CPU.Build.0 = Release|Any CPU
	EndGlobalSection
	GlobalSection(SolutionProperties) = preSolution
		HideSolutionNode = FALSE
	EndGlobalSection
	GlobalSection(ExtensibilityGlobals) = postSolution
		SolutionGuid = {5A41E821-3CFC-457C-A581-CD98384986B9}
	EndGlobalSection
EndGlobal
