
Microsoft Visual Studio Solution File, Format Version 12.00
# Visual Studio Version 16
VisualStudioVersion = 16.0.31613.86
MinimumVisualStudioVersion = 10.0.40219.1
Project("{FAE04EC0-301F-11D3-BF4B-00C04F79EFBC}") = "Temporary", "Temporary\Temporary.csproj", "{8AD6D2A6-1B19-4AA7-8C33-93A8DE290CAC}"
EndProject
Project("{FAE04EC0-301F-11D3-BF4B-00C04F79EFBC}") = "Exercise01", "Exercise01\Exercise01.csproj", "{57BF5AC1-C07D-49F5-937D-E4953D3479DA}"
EndProject
Project("{FAE04EC0-301F-11D3-BF4B-00C04F79EFBC}") = "Arraytest", "Arraytest\Arraytest.csproj", "{5C69C655-309B-4EF8-8777-2C65763DF23D}"
EndProject
Project("{FAE04EC0-301F-11D3-BF4B-00C04F79EFBC}") = "Generictest", "Generictest\Generictest.csproj", "{DF9863CC-9F17-4BCF-9AC1-137CC36148DC}"
EndProject
Global
	GlobalSection(SolutionConfigurationPlatforms) = preSolution
		Debug|Any CPU = Debug|Any CPU
		Release|Any CPU = Release|Any CPU
	EndGlobalSection
	GlobalSection(ProjectConfigurationPlatforms) = postSolution
		{8AD6D2A6-1B19-4AA7-8C33-93A8DE290CAC}.Debug|Any CPU.ActiveCfg = Debug|Any CPU
		{8AD6D2A6-1B19-4AA7-8C33-93A8DE290CAC}.Debug|Any CPU.Build.0 = Debug|Any CPU
		{8AD6D2A6-1B19-4AA7-8C33-93A8DE290CAC}.Release|Any CPU.ActiveCfg = Release|Any CPU
		{8AD6D2A6-1B19-4AA7-8C33-93A8DE290CAC}.Release|Any CPU.Build.0 = Release|Any CPU
		{57BF5AC1-C07D-49F5-937D-E4953D3479DA}.Debug|Any CPU.ActiveCfg = Debug|Any CPU
		{57BF5AC1-C07D-49F5-937D-E4953D3479DA}.Debug|Any CPU.Build.0 = Debug|Any CPU
		{57BF5AC1-C07D-49F5-937D-E4953D3479DA}.Release|Any CPU.ActiveCfg = Release|Any CPU
		{57BF5AC1-C07D-49F5-937D-E4953D3479DA}.Release|Any CPU.Build.0 = Release|Any CPU
		{5C69C655-309B-4EF8-8777-2C65763DF23D}.Debug|Any CPU.ActiveCfg = Debug|Any CPU
		{5C69C655-309B-4EF8-8777-2C65763DF23D}.Debug|Any CPU.Build.0 = Debug|Any CPU
		{5C69C655-309B-4EF8-8777-2C65763DF23D}.Release|Any CPU.ActiveCfg = Release|Any CPU
		{5C69C655-309B-4EF8-8777-2C65763DF23D}.Release|Any CPU.Build.0 = Release|Any CPU
		{DF9863CC-9F17-4BCF-9AC1-137CC36148DC}.Debug|Any CPU.ActiveCfg = Debug|Any CPU
		{DF9863CC-9F17-4BCF-9AC1-137CC36148DC}.Debug|Any CPU.Build.0 = Debug|Any CPU
		{DF9863CC-9F17-4BCF-9AC1-137CC36148DC}.Release|Any CPU.ActiveCfg = Release|Any CPU
		{DF9863CC-9F17-4BCF-9AC1-137CC36148DC}.Release|Any CPU.Build.0 = Release|Any CPU
	EndGlobalSection
	GlobalSection(SolutionProperties) = preSolution
		HideSolutionNode = FALSE
	EndGlobalSection
	GlobalSection(ExtensibilityGlobals) = postSolution
		SolutionGuid = {5A41E821-3CFC-457C-A581-CD98384986B9}
	EndGlobalSection
EndGlobal
